Microsoft Visual Studio Solution File, Format Version 12.00
# Visual Studio Version 17
VisualStudioVersion = 17.5.2.0
MinimumVisualStudioVersion = 10.0.40219.1
Project("{2150E333-8FDC-42A3-9474-1A3956D46DE8}") = "c-sharp-override", "c-sharp-override", "{F60BF4C8-39CE-F4A4-49C4-CACB7D388E8B}"
EndProject
Project("{FAE04EC0-301F-11D3-BF4B-00C04F79EFBC}") = "CleanDup", "c-sharp-override\CleanDup.csproj", "{9B62FCCB-9F9B-84E9-DEF1-EAB634533786}"
EndProject
Global
	GlobalSection(SolutionConfigurationPlatforms) = preSolution
		Debug|Any CPU = Debug|Any CPU
		Release|Any CPU = Release|Any CPU
	EndGlobalSection
	GlobalSection(ProjectConfigurationPlatforms) = postSolution
		{9B62FCCB-9F9B-84E9-DEF1-EAB634533786}.Debug|Any CPU.ActiveCfg = Debug|Any CPU
		{9B62FCCB-9F9B-84E9-DEF1-EAB634533786}.Debug|Any CPU.Build.0 = Debug|Any CPU
		{9B62FCCB-9F9B-84E9-DEF1-EAB634533786}.Release|Any CPU.ActiveCfg = Release|Any CPU
		{9B62FCCB-9F9B-84E9-DEF1-EAB634533786}.Release|Any CPU.Build.0 = Release|Any CPU
	EndGlobalSection
	GlobalSection(SolutionProperties) = preSolution
		HideSolutionNode = FALSE
	EndGlobalSection
	GlobalSection(NestedProjects) = preSolution
		{9B62FCCB-9F9B-84E9-DEF1-EAB634533786} = {F60BF4C8-39CE-F4A4-49C4-CACB7D388E8B}
	EndGlobalSection
	GlobalSection(ExtensibilityGlobals) = postSolution
		SolutionGuid = {873CBE21-85E8-4E8B-BD03-551836D8AC81}
	EndGlobalSection
EndGlobal
